
Microsoft Visual Studio Solution File, Format Version 12.00
# Visual Studio Version 17
VisualStudioVersion = 17.4.33213.308
MinimumVisualStudioVersion = 10.0.40219.1
Project("{FAE04EC0-301F-11D3-BF4B-00C04F79EFBC}") = "GesExceptions", "GesExceptions\GesExceptions.csproj", "{CDBFBBD1-DAF7-49B2-8DD6-34FD251E3846}"
EndProject
Global
	GlobalSection(SolutionConfigurationPlatforms) = preSolution
		Debug|Any CPU = Debug|Any CPU
		Release|Any CPU = Release|Any CPU
	EndGlobalSection
	GlobalSection(ProjectConfigurationPlatforms) = postSolution
		{CDBFBBD1-DAF7-49B2-8DD6-34FD251E3846}.Debug|Any CPU.ActiveCfg = Debug|Any CPU
		{CDBFBBD1-DAF7-49B2-8DD6-34FD251E3846}.Debug|Any CPU.Build.0 = Debug|Any CPU
		{CDBFBBD1-DAF7-49B2-8DD6-34FD251E3846}.Release|Any CPU.ActiveCfg = Release|Any CPU
		{CDBFBBD1-DAF7-49B2-8DD6-34FD251E3846}.Release|Any CPU.Build.0 = Release|Any CPU
	EndGlobalSection
	GlobalSection(SolutionProperties) = preSolution
		HideSolutionNode = FALSE
	EndGlobalSection
	GlobalSection(ExtensibilityGlobals) = postSolution
		SolutionGuid = {627A1464-09E3-4037-80A9-EE9D12F5C16B}
	EndGlobalSection
EndGlobal
